
Microsoft Visual Studio Solution File, Format Version 12.00
# Visual Studio 15
VisualStudioVersion = 15.0.28010.2050
MinimumVisualStudioVersion = 10.0.40219.1
Project("{FAE04EC0-301F-11D3-BF4B-00C04F79EFBC}") = "WebApp", "WebApp\WebApp.csproj", "{B20C7055-14E4-43E7-95F2-B5E780018F7F}"
EndProject
Global
	GlobalSection(SolutionConfigurationPlatforms) = preSolution
		Debug|Any CPU = Debug|Any CPU
		Release|Any CPU = Release|Any CPU
	EndGlobalSection
	GlobalSection(ProjectConfigurationPlatforms) = postSolution
		{B20C7055-14E4-43E7-95F2-B5E780018F7F}.Debug|Any CPU.ActiveCfg = Debug|Any CPU
		{B20C7055-14E4-43E7-95F2-B5E780018F7F}.Debug|Any CPU.Build.0 = Debug|Any CPU
		{B20C7055-14E4-43E7-95F2-B5E780018F7F}.Release|Any CPU.ActiveCfg = Release|Any CPU
		{B20C7055-14E4-43E7-95F2-B5E780018F7F}.Release|Any CPU.Build.0 = Release|Any CPU
	EndGlobalSection
	GlobalSection(SolutionProperties) = preSolution
		HideSolutionNode = FALSE
	EndGlobalSection
	GlobalSection(ExtensibilityGlobals) = postSolution
		SolutionGuid = {326F7A8B-D78C-49ED-9864-77D1DBA40890}
	EndGlobalSection
EndGlobal
